// !$*UTF8*$!
{
	archiveVersion = 1;
	classes = {
	};
	objectVersion = 55;
	objects = {

/* Begin PBXBuildFile section */
		F22DD05C2808F8AF00A768B1 /* HomeView.swift in Sources */ = {isa = PBXBuildFile; fileRef = F22DD05B2808F8AF00A768B1 /* HomeView.swift */; };
		F22DD05E2808FE3100A768B1 /* PortfolioHomeView.swift in Sources */ = {isa = PBXBuildFile; fileRef = F22DD05D2808FE3100A768B1 /* PortfolioHomeView.swift */; };
		F22DD0602808FE3C00A768B1 /* FavoritesHomeView.swift in Sources */ = {isa = PBXBuildFile; fileRef = F22DD05F2808FE3C00A768B1 /* FavoritesHomeView.swift */; };
		F22DD0622809026600A768B1 /* PortfolioHomeCardView.swift in Sources */ = {isa = PBXBuildFile; fileRef = F22DD0612809026600A768B1 /* PortfolioHomeCardView.swift */; };
		F22DD0642809072100A768B1 /* FavoritesHomeCardView.swift in Sources */ = {isa = PBXBuildFile; fileRef = F22DD0632809072100A768B1 /* FavoritesHomeCardView.swift */; };
		F22DD06728091FCA00A768B1 /* PortfolioModel.swift in Sources */ = {isa = PBXBuildFile; fileRef = F22DD06628091FCA00A768B1 /* PortfolioModel.swift */; };
		F22DD0692809261A00A768B1 /* PortfolioCardDetail.swift in Sources */ = {isa = PBXBuildFile; fileRef = F22DD0682809261A00A768B1 /* PortfolioCardDetail.swift */; };
		F22E80EA2819BA1800D132ED /* PortfolioSectionView.swift in Sources */ = {isa = PBXBuildFile; fileRef = F22E80E92819BA1800D132ED /* PortfolioSectionView.swift */; };
		F22E80EC2819C67F00D132ED /* StockModel.swift in Sources */ = {isa = PBXBuildFile; fileRef = F22E80EB2819C67F00D132ED /* StockModel.swift */; };
		F22E80EE281A122600D132ED /* StatsAboutView.swift in Sources */ = {isa = PBXBuildFile; fileRef = F22E80ED281A122600D132ED /* StatsAboutView.swift */; };
		F22E80F0281A39C200D132ED /* InsightsView.swift in Sources */ = {isa = PBXBuildFile; fileRef = F22E80EF281A39C200D132ED /* InsightsView.swift */; };
		F22E80F2281A46F900D132ED /* PortfolioHeaderView.swift in Sources */ = {isa = PBXBuildFile; fileRef = F22E80F1281A46F900D132ED /* PortfolioHeaderView.swift */; };
		F22E80F4281A484E00D132ED /* NewsView.swift in Sources */ = {isa = PBXBuildFile; fileRef = F22E80F3281A484E00D132ED /* NewsView.swift */; };
		F22EBD7B281382AF00774BEB /* PortfolioToast.swift in Sources */ = {isa = PBXBuildFile; fileRef = F22EBD7A281382AF00774BEB /* PortfolioToast.swift */; };
		F22EBD7F28139C7600774BEB /* Toast.swift in Sources */ = {isa = PBXBuildFile; fileRef = F22EBD7E28139C7600774BEB /* Toast.swift */; };
		F2572526281A5A910054234D /* NewsSheetView.swift in Sources */ = {isa = PBXBuildFile; fileRef = F2572525281A5A910054234D /* NewsSheetView.swift */; };
		F257252A281B19010054234D /* FacebookAEM in Frameworks */ = {isa = PBXBuildFile; productRef = F2572529281B19010054234D /* FacebookAEM */; };
		F257252C281B19010054234D /* FacebookBasics in Frameworks */ = {isa = PBXBuildFile; productRef = F257252B281B19010054234D /* FacebookBasics */; };
		F257252E281B19010054234D /* FacebookLogin in Frameworks */ = {isa = PBXBuildFile; productRef = F257252D281B19010054234D /* FacebookLogin */; };
		F2572530281B19010054234D /* FacebookShare in Frameworks */ = {isa = PBXBuildFile; productRef = F257252F281B19010054234D /* FacebookShare */; };
		F2572536281B36790054234D /* TradingSheetView.swift in Sources */ = {isa = PBXBuildFile; fileRef = F2572535281B36790054234D /* TradingSheetView.swift */; };
		F26D4A18280A34BB00B8CB06 /* msft.json in Resources */ = {isa = PBXBuildFile; fileRef = F26D4A17280A34BB00B8CB06 /* msft.json */; };
		F26D4A1A280A369300B8CB06 /* MockModel.swift in Sources */ = {isa = PBXBuildFile; fileRef = F26D4A19280A369300B8CB06 /* MockModel.swift */; };
		F26D4A1D280A498800B8CB06 /* Alamofire in Frameworks */ = {isa = PBXBuildFile; productRef = F26D4A1C280A498800B8CB06 /* Alamofire */; };
		F26D4A20280A49AA00B8CB06 /* SwiftyJSON in Frameworks */ = {isa = PBXBuildFile; productRef = F26D4A1F280A49AA00B8CB06 /* SwiftyJSON */; };
		F26D4A23280A49F500B8CB06 /* Kingfisher in Frameworks */ = {isa = PBXBuildFile; productRef = F26D4A22280A49F500B8CB06 /* Kingfisher */; };
		F2A3F20B2808E7AE00E6E050 /* finnhub_ios_nodeApp.swift in Sources */ = {isa = PBXBuildFile; fileRef = F2A3F20A2808E7AE00E6E050 /* finnhub_ios_nodeApp.swift */; };
		F2A3F20D2808E7AE00E6E050 /* ContentView.swift in Sources */ = {isa = PBXBuildFile; fileRef = F2A3F20C2808E7AE00E6E050 /* ContentView.swift */; };
		F2A3F20F2808E7AF00E6E050 /* Assets.xcassets in Resources */ = {isa = PBXBuildFile; fileRef = F2A3F20E2808E7AF00E6E050 /* Assets.xcassets */; };
		F2A3F2122808E7AF00E6E050 /* Preview Assets.xcassets in Resources */ = {isa = PBXBuildFile; fileRef = F2A3F2112808E7AF00E6E050 /* Preview Assets.xcassets */; };
		F2A3F2192808F1D900E6E050 /* Launch Screen.storyboard in Resources */ = {isa = PBXBuildFile; fileRef = F2A3F2182808F1D900E6E050 /* Launch Screen.storyboard */; };
		F2FEB8382815C5C8005F5942 /* ChartsTabView.swift in Sources */ = {isa = PBXBuildFile; fileRef = F2FEB8372815C5C8005F5942 /* ChartsTabView.swift */; };
		F2FEB83C2815D84F005F5942 /* index.html in Resources */ = {isa = PBXBuildFile; fileRef = F2FEB83B2815D84F005F5942 /* index.html */; };
		F2FEB83E2815DB99005F5942 /* ChartsWebView.swift in Sources */ = {isa = PBXBuildFile; fileRef = F2FEB83D2815DB99005F5942 /* ChartsWebView.swift */; };
		F2FEB8402815ECFB005F5942 /* logic.js in Resources */ = {isa = PBXBuildFile; fileRef = F2FEB83F2815ECFB005F5942 /* logic.js */; };
/* End PBXBuildFile section */

/* Begin PBXFileReference section */
		F22DD05B2808F8AF00A768B1 /* HomeView.swift */ = {isa = PBXFileReference; lastKnownFileType = sourcecode.swift; path = HomeView.swift; sourceTree = "<group>"; };
		F22DD05D2808FE3100A768B1 /* PortfolioHomeView.swift */ = {isa = PBXFileReference; lastKnownFileType = sourcecode.swift; path = PortfolioHomeView.swift; sourceTree = "<group>"; };
		F22DD05F2808FE3C00A768B1 /* FavoritesHomeView.swift */ = {isa = PBXFileReference; lastKnownFileType = sourcecode.swift; path = FavoritesHomeView.swift; sourceTree = "<group>"; };
		F22DD0612809026600A768B1 /* PortfolioHomeCardView.swift */ = {isa = PBXFileReference; lastKnownFileType = sourcecode.swift; path = PortfolioHomeCardView.swift; sourceTree = "<group>"; };
		F22DD0632809072100A768B1 /* FavoritesHomeCardView.swift */ = {isa = PBXFileReference; lastKnownFileType = sourcecode.swift; path = FavoritesHomeCardView.swift; sourceTree = "<group>"; };
		F22DD06628091FCA00A768B1 /* PortfolioModel.swift */ = {isa = PBXFileReference; lastKnownFileType = sourcecode.swift; path = PortfolioModel.swift; sourceTree = "<group>"; };
		F22DD0682809261A00A768B1 /* PortfolioCardDetail.swift */ = {isa = PBXFileReference; lastKnownFileType = sourcecode.swift; path = PortfolioCardDetail.swift; sourceTree = "<group>"; };
		F22E80E92819BA1800D132ED /* PortfolioSectionView.swift */ = {isa = PBXFileReference; lastKnownFileType = sourcecode.swift; path = PortfolioSectionView.swift; sourceTree = "<group>"; };
		F22E80EB2819C67F00D132ED /* StockModel.swift */ = {isa = PBXFileReference; lastKnownFileType = sourcecode.swift; path = StockModel.swift; sourceTree = "<group>"; };
		F22E80ED281A122600D132ED /* StatsAboutView.swift */ = {isa = PBXFileReference; lastKnownFileType = sourcecode.swift; path = StatsAboutView.swift; sourceTree = "<group>"; };
		F22E80EF281A39C200D132ED /* InsightsView.swift */ = {isa = PBXFileReference; lastKnownFileType = sourcecode.swift; path = InsightsView.swift; sourceTree = "<group>"; };
		F22E80F1281A46F900D132ED /* PortfolioHeaderView.swift */ = {isa = PBXFileReference; lastKnownFileType = sourcecode.swift; path = PortfolioHeaderView.swift; sourceTree = "<group>"; };
		F22E80F3281A484E00D132ED /* NewsView.swift */ = {isa = PBXFileReference; lastKnownFileType = sourcecode.swift; path = NewsView.swift; sourceTree = "<group>"; };
		F22EBD7A281382AF00774BEB /* PortfolioToast.swift */ = {isa = PBXFileReference; lastKnownFileType = sourcecode.swift; path = PortfolioToast.swift; sourceTree = "<group>"; };
		F22EBD7E28139C7600774BEB /* Toast.swift */ = {isa = PBXFileReference; lastKnownFileType = sourcecode.swift; path = Toast.swift; sourceTree = "<group>"; };
		F22EBD802815C3C500774BEB /* Info.plist */ = {isa = PBXFileReference; lastKnownFileType = text.plist; path = Info.plist; sourceTree = "<group>"; };
		F2572525281A5A910054234D /* NewsSheetView.swift */ = {isa = PBXFileReference; lastKnownFileType = sourcecode.swift; path = NewsSheetView.swift; sourceTree = "<group>"; };
		F2572535281B36790054234D /* TradingSheetView.swift */ = {isa = PBXFileReference; lastKnownFileType = sourcecode.swift; path = TradingSheetView.swift; sourceTree = "<group>"; };
		F26D4A17280A34BB00B8CB06 /* msft.json */ = {isa = PBXFileReference; fileEncoding = 4; lastKnownFileType = text.json; path = msft.json; sourceTree = "<group>"; };
		F26D4A19280A369300B8CB06 /* MockModel.swift */ = {isa = PBXFileReference; lastKnownFileType = sourcecode.swift; path = MockModel.swift; sourceTree = "<group>"; };
		F2A3F2072808E7AE00E6E050 /* finnhub-ios-node.app */ = {isa = PBXFileReference; explicitFileType = wrapper.application; includeInIndex = 0; path = "finnhub-ios-node.app"; sourceTree = BUILT_PRODUCTS_DIR; };
		F2A3F20A2808E7AE00E6E050 /* finnhub_ios_nodeApp.swift */ = {isa = PBXFileReference; lastKnownFileType = sourcecode.swift; path = finnhub_ios_nodeApp.swift; sourceTree = "<group>"; };
		F2A3F20C2808E7AE00E6E050 /* ContentView.swift */ = {isa = PBXFileReference; lastKnownFileType = sourcecode.swift; path = ContentView.swift; sourceTree = "<group>"; };
		F2A3F20E2808E7AF00E6E050 /* Assets.xcassets */ = {isa = PBXFileReference; lastKnownFileType = folder.assetcatalog; path = Assets.xcassets; sourceTree = "<group>"; };
		F2A3F2112808E7AF00E6E050 /* Preview Assets.xcassets */ = {isa = PBXFileReference; lastKnownFileType = folder.assetcatalog; path = "Preview Assets.xcassets"; sourceTree = "<group>"; };
		F2A3F2182808F1D900E6E050 /* Launch Screen.storyboard */ = {isa = PBXFileReference; lastKnownFileType = file.storyboard; path = "Launch Screen.storyboard"; sourceTree = "<group>"; };
		F2FEB8372815C5C8005F5942 /* ChartsTabView.swift */ = {isa = PBXFileReference; lastKnownFileType = sourcecode.swift; path = ChartsTabView.swift; sourceTree = "<group>"; };
		F2FEB83B2815D84F005F5942 /* index.html */ = {isa = PBXFileReference; fileEncoding = 4; lastKnownFileType = text.html; path = index.html; sourceTree = "<group>"; };
		F2FEB83D2815DB99005F5942 /* ChartsWebView.swift */ = {isa = PBXFileReference; lastKnownFileType = sourcecode.swift; path = ChartsWebView.swift; sourceTree = "<group>"; };
		F2FEB83F2815ECFB005F5942 /* logic.js */ = {isa = PBXFileReference; fileEncoding = 4; lastKnownFileType = sourcecode.javascript; path = logic.js; sourceTree = "<group>"; };
/* End PBXFileReference section */

/* Begin PBXFrameworksBuildPhase section */
		F2A3F2042808E7AE00E6E050 /* Frameworks */ = {
			isa = PBXFrameworksBuildPhase;
			buildActionMask = 2147483647;
			files = (
				F257252A281B19010054234D /* FacebookAEM in Frameworks */,
				F26D4A23280A49F500B8CB06 /* Kingfisher in Frameworks */,
				F257252E281B19010054234D /* FacebookLogin in Frameworks */,
				F257252C281B19010054234D /* FacebookBasics in Frameworks */,
				F26D4A20280A49AA00B8CB06 /* SwiftyJSON in Frameworks */,
				F26D4A1D280A498800B8CB06 /* Alamofire in Frameworks */,
				F2572530281B19010054234D /* FacebookShare in Frameworks */,
			);
			runOnlyForDeploymentPostprocessing = 0;
		};
/* End PBXFrameworksBuildPhase section */

/* Begin PBXGroup section */
		F22DD05A2808F89E00A768B1 /* Views */ = {
			isa = PBXGroup;
			children = (
				F22DD05B2808F8AF00A768B1 /* HomeView.swift */,
				F22DD0612809026600A768B1 /* PortfolioHomeCardView.swift */,
				F22DD05D2808FE3100A768B1 /* PortfolioHomeView.swift */,
				F22DD0632809072100A768B1 /* FavoritesHomeCardView.swift */,
				F22DD05F2808FE3C00A768B1 /* FavoritesHomeView.swift */,
				F22E80E92819BA1800D132ED /* PortfolioSectionView.swift */,
				F22DD0682809261A00A768B1 /* PortfolioCardDetail.swift */,
				F22EBD7E28139C7600774BEB /* Toast.swift */,
				F2FEB8372815C5C8005F5942 /* ChartsTabView.swift */,
				F2FEB83D2815DB99005F5942 /* ChartsWebView.swift */,
				F22E80ED281A122600D132ED /* StatsAboutView.swift */,
				F22E80EF281A39C200D132ED /* InsightsView.swift */,
				F22E80F1281A46F900D132ED /* PortfolioHeaderView.swift */,
				F22E80F3281A484E00D132ED /* NewsView.swift */,
				F2572525281A5A910054234D /* NewsSheetView.swift */,
				F2572535281B36790054234D /* TradingSheetView.swift */,
			);
			path = Views;
			sourceTree = "<group>";
		};
		F22DD06528091F9A00A768B1 /* Models */ = {
			isa = PBXGroup;
			children = (
				F22DD06628091FCA00A768B1 /* PortfolioModel.swift */,
				F26D4A19280A369300B8CB06 /* MockModel.swift */,
				F26D4A17280A34BB00B8CB06 /* msft.json */,
				F22EBD7A281382AF00774BEB /* PortfolioToast.swift */,
				F22E80EB2819C67F00D132ED /* StockModel.swift */,
			);
			path = Models;
			sourceTree = "<group>";
		};
		F2A3F1FE2808E7AE00E6E050 = {
			isa = PBXGroup;
			children = (
				F2A3F2092808E7AE00E6E050 /* finnhub-ios-node */,
				F2A3F2082808E7AE00E6E050 /* Products */,
			);
			sourceTree = "<group>";
		};
		F2A3F2082808E7AE00E6E050 /* Products */ = {
			isa = PBXGroup;
			children = (
				F2A3F2072808E7AE00E6E050 /* finnhub-ios-node.app */,
			);
			name = Products;
			sourceTree = "<group>";
		};
		F2A3F2092808E7AE00E6E050 /* finnhub-ios-node */ = {
			isa = PBXGroup;
			children = (
				F2FEB83F2815ECFB005F5942 /* logic.js */,
				F2FEB83B2815D84F005F5942 /* index.html */,
				F22EBD802815C3C500774BEB /* Info.plist */,
				F22DD06528091F9A00A768B1 /* Models */,
				F22DD05A2808F89E00A768B1 /* Views */,
				F2A3F20A2808E7AE00E6E050 /* finnhub_ios_nodeApp.swift */,
				F2A3F20C2808E7AE00E6E050 /* ContentView.swift */,
				F2A3F20E2808E7AF00E6E050 /* Assets.xcassets */,
				F2A3F2102808E7AF00E6E050 /* Preview Content */,
				F2A3F2182808F1D900E6E050 /* Launch Screen.storyboard */,
			);
			path = "finnhub-ios-node";
			sourceTree = "<group>";
		};
		F2A3F2102808E7AF00E6E050 /* Preview Content */ = {
			isa = PBXGroup;
			children = (
				F2A3F2112808E7AF00E6E050 /* Preview Assets.xcassets */,
			);
			path = "Preview Content";
			sourceTree = "<group>";
		};
/* End PBXGroup section */

/* Begin PBXNativeTarget section */
		F2A3F2062808E7AE00E6E050 /* finnhub-ios-node */ = {
			isa = PBXNativeTarget;
			buildConfigurationList = F2A3F2152808E7AF00E6E050 /* Build configuration list for PBXNativeTarget "finnhub-ios-node" */;
			buildPhases = (
				F2A3F2032808E7AE00E6E050 /* Sources */,
				F2A3F2042808E7AE00E6E050 /* Frameworks */,
				F2A3F2052808E7AE00E6E050 /* Resources */,
			);
			buildRules = (
			);
			dependencies = (
			);
			name = "finnhub-ios-node";
			packageProductDependencies = (
				F26D4A1C280A498800B8CB06 /* Alamofire */,
				F26D4A1F280A49AA00B8CB06 /* SwiftyJSON */,
				F26D4A22280A49F500B8CB06 /* Kingfisher */,
				F2572529281B19010054234D /* FacebookAEM */,
				F257252B281B19010054234D /* FacebookBasics */,
				F257252D281B19010054234D /* FacebookLogin */,
				F257252F281B19010054234D /* FacebookShare */,
			);
			productName = "finnhub-ios-node";
			productReference = F2A3F2072808E7AE00E6E050 /* finnhub-ios-node.app */;
			productType = "com.apple.product-type.application";
		};
/* End PBXNativeTarget section */

/* Begin PBXProject section */
		F2A3F1FF2808E7AE00E6E050 /* Project object */ = {
			isa = PBXProject;
			attributes = {
				BuildIndependentTargetsInParallel = 1;
				LastSwiftUpdateCheck = 1330;
				LastUpgradeCheck = 1330;
				TargetAttributes = {
					F2A3F2062808E7AE00E6E050 = {
						CreatedOnToolsVersion = 13.3.1;
					};
				};
			};
			buildConfigurationList = F2A3F2022808E7AE00E6E050 /* Build configuration list for PBXProject "finnhub-ios-node" */;
			compatibilityVersion = "Xcode 13.0";
			developmentRegion = en;
			hasScannedForEncodings = 0;
			knownRegions = (
				en,
				Base,
			);
			mainGroup = F2A3F1FE2808E7AE00E6E050;
			packageReferences = (
				F26D4A1B280A498800B8CB06 /* XCRemoteSwiftPackageReference "Alamofire" */,
				F26D4A1E280A49AA00B8CB06 /* XCRemoteSwiftPackageReference "SwiftyJSON" */,
				F26D4A21280A49F500B8CB06 /* XCRemoteSwiftPackageReference "Kingfisher" */,
				F2572527281B16C60054234D /* XCRemoteSwiftPackageReference "facebook-ios-sdk" */,
				F2572528281B19010054234D /* XCRemoteSwiftPackageReference "facebook-ios-sdk" */,
			);
			productRefGroup = F2A3F2082808E7AE00E6E050 /* Products */;
			projectDirPath = "";
			projectRoot = "";
			targets = (
				F2A3F2062808E7AE00E6E050 /* finnhub-ios-node */,
			);
		};
/* End PBXProject section */

/* Begin PBXResourcesBuildPhase section */
		F2A3F2052808E7AE00E6E050 /* Resources */ = {
			isa = PBXResourcesBuildPhase;
			buildActionMask = 2147483647;
			files = (
				F2FEB83C2815D84F005F5942 /* index.html in Resources */,
				F2A3F2192808F1D900E6E050 /* Launch Screen.storyboard in Resources */,
				F2A3F2122808E7AF00E6E050 /* Preview Assets.xcassets in Resources */,
				F2FEB8402815ECFB005F5942 /* logic.js in Resources */,
				F2A3F20F2808E7AF00E6E050 /* Assets.xcassets in Resources */,
				F26D4A18280A34BB00B8CB06 /* msft.json in Resources */,
			);
			runOnlyForDeploymentPostprocessing = 0;
		};
/* End PBXResourcesBuildPhase section */

/* Begin PBXSourcesBuildPhase section */
		F2A3F2032808E7AE00E6E050 /* Sources */ = {
			isa = PBXSourcesBuildPhase;
			buildActionMask = 2147483647;
			files = (
				F22E80EC2819C67F00D132ED /* StockModel.swift in Sources */,
				F22DD05E2808FE3100A768B1 /* PortfolioHomeView.swift in Sources */,
				F22EBD7F28139C7600774BEB /* Toast.swift in Sources */,
				F22E80EA2819BA1800D132ED /* PortfolioSectionView.swift in Sources */,
				F2572536281B36790054234D /* TradingSheetView.swift in Sources */,
				F26D4A1A280A369300B8CB06 /* MockModel.swift in Sources */,
				F22E80EE281A122600D132ED /* StatsAboutView.swift in Sources */,
				F22DD05C2808F8AF00A768B1 /* HomeView.swift in Sources */,
				F2A3F20D2808E7AE00E6E050 /* ContentView.swift in Sources */,
				F2A3F20B2808E7AE00E6E050 /* finnhub_ios_nodeApp.swift in Sources */,
				F22DD0622809026600A768B1 /* PortfolioHomeCardView.swift in Sources */,
				F22DD0642809072100A768B1 /* FavoritesHomeCardView.swift in Sources */,
				F2FEB83E2815DB99005F5942 /* ChartsWebView.swift in Sources */,
				F22DD06728091FCA00A768B1 /* PortfolioModel.swift in Sources */,
				F22E80F4281A484E00D132ED /* NewsView.swift in Sources */,
				F2FEB8382815C5C8005F5942 /* ChartsTabView.swift in Sources */,
				F22DD0602808FE3C00A768B1 /* FavoritesHomeView.swift in Sources */,
				F22E80F2281A46F900D132ED /* PortfolioHeaderView.swift in Sources */,
				F22E80F0281A39C200D132ED /* InsightsView.swift in Sources */,
				F22DD0692809261A00A768B1 /* PortfolioCardDetail.swift in Sources */,
				F22EBD7B281382AF00774BEB /* PortfolioToast.swift in Sources */,
				F2572526281A5A910054234D /* NewsSheetView.swift in Sources */,
			);
			runOnlyForDeploymentPostprocessing = 0;
		};
/* End PBXSourcesBuildPhase section */

/* Begin XCBuildConfiguration section */
		F2A3F2132808E7AF00E6E050 /* Debug */ = {
			isa = XCBuildConfiguration;
			buildSettings = {
				ALWAYS_SEARCH_USER_PATHS = NO;
				CLANG_ANALYZER_NONNULL = YES;
				CLANG_ANALYZER_NUMBER_OBJECT_CONVERSION = YES_AGGRESSIVE;
				CLANG_CXX_LANGUAGE_STANDARD = "gnu++17";
				CLANG_ENABLE_MODULES = YES;
				CLANG_ENABLE_OBJC_ARC = YES;
				CLANG_ENABLE_OBJC_WEAK = YES;
				CLANG_WARN_BLOCK_CAPTURE_AUTORELEASING = YES;
				CLANG_WARN_BOOL_CONVERSION = YES;
				CLANG_WARN_COMMA = YES;
				CLANG_WARN_CONSTANT_CONVERSION = YES;
				CLANG_WARN_DEPRECATED_OBJC_IMPLEMENTATIONS = YES;
				CLANG_WARN_DIRECT_OBJC_ISA_USAGE = YES_ERROR;
				CLANG_WARN_DOCUMENTATION_COMMENTS = YES;
				CLANG_WARN_EMPTY_BODY = YES;
				CLANG_WARN_ENUM_CONVERSION = YES;
				CLANG_WARN_INFINITE_RECURSION = YES;
				CLANG_WARN_INT_CONVERSION = YES;
				CLANG_WARN_NON_LITERAL_NULL_CONVERSION = YES;
				CLANG_WARN_OBJC_IMPLICIT_RETAIN_SELF = YES;
				CLANG_WARN_OBJC_LITERAL_CONVERSION = YES;
				CLANG_WARN_OBJC_ROOT_CLASS = YES_ERROR;
				CLANG_WARN_QUOTED_INCLUDE_IN_FRAMEWORK_HEADER = YES;
				CLANG_WARN_RANGE_LOOP_ANALYSIS = YES;
				CLANG_WARN_STRICT_PROTOTYPES = YES;
				CLANG_WARN_SUSPICIOUS_MOVE = YES;
				CLANG_WARN_UNGUARDED_AVAILABILITY = YES_AGGRESSIVE;
				CLANG_WARN_UNREACHABLE_CODE = YES;
				CLANG_WARN__DUPLICATE_METHOD_MATCH = YES;
				COPY_PHASE_STRIP = NO;
				DEBUG_INFORMATION_FORMAT = dwarf;
				ENABLE_STRICT_OBJC_MSGSEND = YES;
				ENABLE_TESTABILITY = YES;
				GCC_C_LANGUAGE_STANDARD = gnu11;
				GCC_DYNAMIC_NO_PIC = NO;
				GCC_NO_COMMON_BLOCKS = YES;
				GCC_OPTIMIZATION_LEVEL = 0;
				GCC_PREPROCESSOR_DEFINITIONS = (
					"DEBUG=1",
					"$(inherited)",
				);
				GCC_WARN_64_TO_32_BIT_CONVERSION = YES;
				GCC_WARN_ABOUT_RETURN_TYPE = YES_ERROR;
				GCC_WARN_UNDECLARED_SELECTOR = YES;
				GCC_WARN_UNINITIALIZED_AUTOS = YES_AGGRESSIVE;
				GCC_WARN_UNUSED_FUNCTION = YES;
				GCC_WARN_UNUSED_VARIABLE = YES;
				IPHONEOS_DEPLOYMENT_TARGET = 15.4;
				MTL_ENABLE_DEBUG_INFO = INCLUDE_SOURCE;
				MTL_FAST_MATH = YES;
				ONLY_ACTIVE_ARCH = YES;
				SDKROOT = iphoneos;
				SWIFT_ACTIVE_COMPILATION_CONDITIONS = DEBUG;
				SWIFT_OPTIMIZATION_LEVEL = "-Onone";
			};
			name = Debug;
		};
		F2A3F2142808E7AF00E6E050 /* Release */ = {
			isa = XCBuildConfiguration;
			buildSettings = {
				ALWAYS_SEARCH_USER_PATHS = NO;
				CLANG_ANALYZER_NONNULL = YES;
				CLANG_ANALYZER_NUMBER_OBJECT_CONVERSION = YES_AGGRESSIVE;
				CLANG_CXX_LANGUAGE_STANDARD = "gnu++17";
				CLANG_ENABLE_MODULES = YES;
				CLANG_ENABLE_OBJC_ARC = YES;
				CLANG_ENABLE_OBJC_WEAK = YES;
				CLANG_WARN_BLOCK_CAPTURE_AUTORELEASING = YES;
				CLANG_WARN_BOOL_CONVERSION = YES;
				CLANG_WARN_COMMA = YES;
				CLANG_WARN_CONSTANT_CONVERSION = YES;
				CLANG_WARN_DEPRECATED_OBJC_IMPLEMENTATIONS = YES;
				CLANG_WARN_DIRECT_OBJC_ISA_USAGE = YES_ERROR;
				CLANG_WARN_DOCUMENTATION_COMMENTS = YES;
				CLANG_WARN_EMPTY_BODY = YES;
				CLANG_WARN_ENUM_CONVERSION = YES;
				CLANG_WARN_INFINITE_RECURSION = YES;
				CLANG_WARN_INT_CONVERSION = YES;
				CLANG_WARN_NON_LITERAL_NULL_CONVERSION = YES;
				CLANG_WARN_OBJC_IMPLICIT_RETAIN_SELF = YES;
				CLANG_WARN_OBJC_LITERAL_CONVERSION = YES;
				CLANG_WARN_OBJC_ROOT_CLASS = YES_ERROR;
				CLANG_WARN_QUOTED_INCLUDE_IN_FRAMEWORK_HEADER = YES;
				CLANG_WARN_RANGE_LOOP_ANALYSIS = YES;
				CLANG_WARN_STRICT_PROTOTYPES = YES;
				CLANG_WARN_SUSPICIOUS_MOVE = YES;
				CLANG_WARN_UNGUARDED_AVAILABILITY = YES_AGGRESSIVE;
				CLANG_WARN_UNREACHABLE_CODE = YES;
				CLANG_WARN__DUPLICATE_METHOD_MATCH = YES;
				COPY_PHASE_STRIP = NO;
				DEBUG_INFORMATION_FORMAT = "dwarf-with-dsym";
				ENABLE_NS_ASSERTIONS = NO;
				ENABLE_STRICT_OBJC_MSGSEND = YES;
				GCC_C_LANGUAGE_STANDARD = gnu11;
				GCC_NO_COMMON_BLOCKS = YES;
				GCC_WARN_64_TO_32_BIT_CONVERSION = YES;
				GCC_WARN_ABOUT_RETURN_TYPE = YES_ERROR;
				GCC_WARN_UNDECLARED_SELECTOR = YES;
				GCC_WARN_UNINITIALIZED_AUTOS = YES_AGGRESSIVE;
				GCC_WARN_UNUSED_FUNCTION = YES;
				GCC_WARN_UNUSED_VARIABLE = YES;
				IPHONEOS_DEPLOYMENT_TARGET = 15.4;
				MTL_ENABLE_DEBUG_INFO = NO;
				MTL_FAST_MATH = YES;
				SDKROOT = iphoneos;
				SWIFT_COMPILATION_MODE = wholemodule;
				SWIFT_OPTIMIZATION_LEVEL = "-O";
				VALIDATE_PRODUCT = YES;
			};
			name = Release;
		};
		F2A3F2162808E7AF00E6E050 /* Debug */ = {
			isa = XCBuildConfiguration;
			buildSettings = {
				ASSETCATALOG_COMPILER_APPICON_NAME = AppIcon;
				ASSETCATALOG_COMPILER_GLOBAL_ACCENT_COLOR_NAME = AccentColor;
				CODE_SIGN_STYLE = Automatic;
				CURRENT_PROJECT_VERSION = 1;
				DEVELOPMENT_ASSET_PATHS = "\"finnhub-ios-node/Preview Content\"";
				ENABLE_PREVIEWS = YES;
				GENERATE_INFOPLIST_FILE = YES;
				INFOPLIST_FILE = "finnhub-ios-node/Info.plist";
				INFOPLIST_KEY_UIApplicationSceneManifest_Generation = YES;
				INFOPLIST_KEY_UIApplicationSupportsIndirectInputEvents = YES;
				INFOPLIST_KEY_UILaunchScreen_Generation = YES;
				INFOPLIST_KEY_UILaunchStoryboardName = "Launch Screen";
				INFOPLIST_KEY_UISupportedInterfaceOrientations_iPad = "UIInterfaceOrientationPortrait UIInterfaceOrientationPortraitUpsideDown UIInterfaceOrientationLandscapeLeft UIInterfaceOrientationLandscapeRight";
				INFOPLIST_KEY_UISupportedInterfaceOrientations_iPhone = "UIInterfaceOrientationPortrait UIInterfaceOrientationLandscapeLeft UIInterfaceOrientationLandscapeRight";
				LD_RUNPATH_SEARCH_PATHS = (
					"$(inherited)",
					"@executable_path/Frameworks",
				);
				MARKETING_VERSION = 1.0;
				PRODUCT_BUNDLE_IDENTIFIER = "serotonin.finnhub-ios-node";
				PRODUCT_NAME = "$(TARGET_NAME)";
				SWIFT_EMIT_LOC_STRINGS = YES;
				SWIFT_VERSION = 5.0;
				TARGETED_DEVICE_FAMILY = "1,2";
			};
			name = Debug;
		};
		F2A3F2172808E7AF00E6E050 /* Release */ = {
			isa = XCBuildConfiguration;
			buildSettings = {
				ASSETCATALOG_COMPILER_APPICON_NAME = AppIcon;
				ASSETCATALOG_COMPILER_GLOBAL_ACCENT_COLOR_NAME = AccentColor;
				CODE_SIGN_STYLE = Automatic;
				CURRENT_PROJECT_VERSION = 1;
				DEVELOPMENT_ASSET_PATHS = "\"finnhub-ios-node/Preview Content\"";
				ENABLE_PREVIEWS = YES;
				GENERATE_INFOPLIST_FILE = YES;
				INFOPLIST_FILE = "finnhub-ios-node/Info.plist";
				INFOPLIST_KEY_UIApplicationSceneManifest_Generation = YES;
				INFOPLIST_KEY_UIApplicationSupportsIndirectInputEvents = YES;
				INFOPLIST_KEY_UILaunchScreen_Generation = YES;
				INFOPLIST_KEY_UILaunchStoryboardName = "Launch Screen";
				INFOPLIST_KEY_UISupportedInterfaceOrientations_iPad = "UIInterfaceOrientationPortrait UIInterfaceOrientationPortraitUpsideDown UIInterfaceOrientationLandscapeLeft UIInterfaceOrientationLandscapeRight";
				INFOPLIST_KEY_UISupportedInterfaceOrientations_iPhone = "UIInterfaceOrientationPortrait UIInterfaceOrientationLandscapeLeft UIInterfaceOrientationLandscapeRight";
				LD_RUNPATH_SEARCH_PATHS = (
					"$(inherited)",
					"@executable_path/Frameworks",
				);
				MARKETING_VERSION = 1.0;
				PRODUCT_BUNDLE_IDENTIFIER = "serotonin.finnhub-ios-node";
				PRODUCT_NAME = "$(TARGET_NAME)";
				SWIFT_EMIT_LOC_STRINGS = YES;
				SWIFT_VERSION = 5.0;
				TARGETED_DEVICE_FAMILY = "1,2";
			};
			name = Release;
		};
/* End XCBuildConfiguration section */

/* Begin XCConfigurationList section */
		F2A3F2022808E7AE00E6E050 /* Build configuration list for PBXProject "finnhub-ios-node" */ = {
			isa = XCConfigurationList;
			buildConfigurations = (
				F2A3F2132808E7AF00E6E050 /* Debug */,
				F2A3F2142808E7AF00E6E050 /* Release */,
			);
			defaultConfigurationIsVisible = 0;
			defaultConfigurationName = Release;
		};
		F2A3F2152808E7AF00E6E050 /* Build configuration list for PBXNativeTarget "finnhub-ios-node" */ = {
			isa = XCConfigurationList;
			buildConfigurations = (
				F2A3F2162808E7AF00E6E050 /* Debug */,
				F2A3F2172808E7AF00E6E050 /* Release */,
			);
			defaultConfigurationIsVisible = 0;
			defaultConfigurationName = Release;
		};
/* End XCConfigurationList section */

/* Begin XCRemoteSwiftPackageReference section */
		F2572527281B16C60054234D /* XCRemoteSwiftPackageReference "facebook-ios-sdk" */ = {
			isa = XCRemoteSwiftPackageReference;
			repositoryURL = "https://github.com/facebook/facebook-ios-sdk";
			requirement = {
				kind = upToNextMajorVersion;
				minimumVersion = 4.0.0;
			};
		};
		F2572528281B19010054234D /* XCRemoteSwiftPackageReference "facebook-ios-sdk" */ = {
			isa = XCRemoteSwiftPackageReference;
			repositoryURL = "https://github.com/facebook/facebook-ios-sdk";
			requirement = {
				branch = main;
				kind = branch;
			};
		};
		F26D4A1B280A498800B8CB06 /* XCRemoteSwiftPackageReference "Alamofire" */ = {
			isa = XCRemoteSwiftPackageReference;
			repositoryURL = "https://github.com/Alamofire/Alamofire";
			requirement = {
				kind = upToNextMajorVersion;
				minimumVersion = 5.0.0;
			};
		};
		F26D4A1E280A49AA00B8CB06 /* XCRemoteSwiftPackageReference "SwiftyJSON" */ = {
			isa = XCRemoteSwiftPackageReference;
			repositoryURL = "https://github.com/SwiftyJSON/SwiftyJSON";
			requirement = {
				kind = upToNextMajorVersion;
				minimumVersion = 5.0.0;
			};
		};
		F26D4A21280A49F500B8CB06 /* XCRemoteSwiftPackageReference "Kingfisher" */ = {
			isa = XCRemoteSwiftPackageReference;
			repositoryURL = "https://github.com/onevcat/Kingfisher";
			requirement = {
				kind = upToNextMajorVersion;
				minimumVersion = 7.0.0;
			};
		};
/* End XCRemoteSwiftPackageReference section */

/* Begin XCSwiftPackageProductDependency section */
		F2572529281B19010054234D /* FacebookAEM */ = {
			isa = XCSwiftPackageProductDependency;
			package = F2572528281B19010054234D /* XCRemoteSwiftPackageReference "facebook-ios-sdk" */;
			productName = FacebookAEM;
		};
		F257252B281B19010054234D /* FacebookBasics */ = {
			isa = XCSwiftPackageProductDependency;
			package = F2572528281B19010054234D /* XCRemoteSwiftPackageReference "facebook-ios-sdk" */;
			productName = FacebookBasics;
		};
		F257252D281B19010054234D /* FacebookLogin */ = {
			isa = XCSwiftPackageProductDependency;
			package = F2572528281B19010054234D /* XCRemoteSwiftPackageReference "facebook-ios-sdk" */;
			productName = FacebookLogin;
		};
		F257252F281B19010054234D /* FacebookShare */ = {
			isa = XCSwiftPackageProductDependency;
			package = F2572528281B19010054234D /* XCRemoteSwiftPackageReference "facebook-ios-sdk" */;
			productName = FacebookShare;
		};
		F26D4A1C280A498800B8CB06 /* Alamofire */ = {
			isa = XCSwiftPackageProductDependency;
			package = F26D4A1B280A498800B8CB06 /* XCRemoteSwiftPackageReference "Alamofire" */;
			productName = Alamofire;
		};
		F26D4A1F280A49AA00B8CB06 /* SwiftyJSON */ = {
			isa = XCSwiftPackageProductDependency;
			package = F26D4A1E280A49AA00B8CB06 /* XCRemoteSwiftPackageReference "SwiftyJSON" */;
			productName = SwiftyJSON;
		};
		F26D4A22280A49F500B8CB06 /* Kingfisher */ = {
			isa = XCSwiftPackageProductDependency;
			package = F26D4A21280A49F500B8CB06 /* XCRemoteSwiftPackageReference "Kingfisher" */;
			productName = Kingfisher;
		};
/* End XCSwiftPackageProductDependency section */
	};
	rootObject = F2A3F1FF2808E7AE00E6E050 /* Project object */;
}
